<?xml version="1.0" encoding="UTF-8" standalone="yes" ?>
<CodeBlocks_project_file>
	<FileVersion major="1" minor="6" />
	<Project>
		<Option title="cppunit" />
		<Option pch_mode="2" />
		<Option compiler="gcc" />
		<Build>
			<Target title="Debug Win32">
				<Option output="..\_bin\cppunit.dll" prefix_auto="1" extension_auto="0" />
				<Option object_output="_tmp" />
				<Option type="3" />
				<Option compiler="gcc" />
				<Compiler>
					<Add option="-Winit-self" />
					<Add option="-Wredundant-decls" />
					<Add option="-Wcast-align" />
					<Add option="-Wundef" />
					<Add option="-Wfloat-equal" />
					<Add option="-Winline" />
					<Add option="-Wmissing-declarations" />
					<Add option="-Wmissing-include-dirs" />
					<Add option="-Wswitch-enum" />
					<Add option="-Wswitch-default" />
					<Add option="-Weffc++" />
					<Add option="-pedantic-errors" />
					<Add option="-Wall" />
					<Add option="-g" />
					<Add option="-O0" />
					<Add option="-DWIN32" />
					<Add option="-D_DEBUG" />
					<Add option="-D_WINDOWS" />
					<Add option="-DTS_DEBUG" />
					<Add directory=".." />
				</Compiler>
				<ResourceCompiler>
					<Add directory=".." />
				</ResourceCompiler>
				<Linker>
					<Add option="-s" />
					<Add option="-static-libgcc" />
					<Add library="lua5.1" />
					<Add directory="..\_lib" />
					<Add directory="..\_bin" />
				</Linker>
			</Target>
			<Target title="Release Win32">
				<Option output="..\_bin\cppunit.dll" prefix_auto="1" extension_auto="0" />
				<Option object_output="_tmp" />
				<Option type="3" />
				<Option compiler="gcc" />
				<Compiler>
					<Add option="-Wall" />
					<Add option="-DWIN32" />
					<Add option="-DNDEBUG" />
					<Add option="-D_WINDOWS" />
					<Add directory=".." />
				</Compiler>
				<ResourceCompiler>
					<Add directory=".." />
				</ResourceCompiler>
				<Linker>
					<Add option="-s" />
					<Add option="-static-libgcc" />
					<Add library="lua5.1" />
					<Add directory="..\_lib" />
					<Add directory="..\_bin" />
				</Linker>
			</Target>
		</Build>
		<Unit filename="ltest.cpp" />
		<Unit filename="ltest.h" />
		<Unit filename="lua_unit.lua" />
		<Unit filename="report.xsl" />
		<Unit filename="test.cpp" />
		<Unit filename="test.h" />
		<Unit filename="test_listeners.lua" />
		<Unit filename="test_runner.lua" />
		<Unit filename="thunk.cpp" />
		<Unit filename="thunk.h" />
		<Unit filename="type_int.h" />
		<Extensions>
			<code_completion />
			<envvars />
			<debugger />
		</Extensions>
	</Project>
</CodeBlocks_project_file>
