
Microsoft Visual Studio Solution File, Format Version 11.00
# Visual C++ Express 2010
Project("{8BC9CEB8-8B4A-11D0-8D11-00A0C91BC942}") = "lua51lib", "lua\lua51lib.vcxproj", "{F451AF14-9F46-4AF2-A930-30F7D1866B33}"
EndProject
Project("{8BC9CEB8-8B4A-11D0-8D11-00A0C91BC942}") = "lua51proxy", "lua\lua51proxy.vcxproj", "{5ED50B1F-37D0-433A-90B4-05FD98F55A67}"
EndProject
Project("{8BC9CEB8-8B4A-11D0-8D11-00A0C91BC942}") = "lua51int", "lua\lua51int.vcxproj", "{FDEAC782-012F-4855-B085-B278ADEEEE1A}"
EndProject
Project("{8BC9CEB8-8B4A-11D0-8D11-00A0C91BC942}") = "cppunit", "testunit\cppunit.vcxproj", "{CCA88A6C-090F-7608-7F74-BB45E5EB8008}"
	ProjectSection(ProjectDependencies) = postProject
		{F451AF14-9F46-4AF2-A930-30F7D1866B33} = {F451AF14-9F46-4AF2-A930-30F7D1866B33}
		{B23D82C8-9CE7-8B76-32A7-62ABA074EA47} = {B23D82C8-9CE7-8B76-32A7-62ABA074EA47}
		{FDEAC782-012F-4855-B085-B278ADEEEE1A} = {FDEAC782-012F-4855-B085-B278ADEEEE1A}
	EndProjectSection
EndProject
Project("{8BC9CEB8-8B4A-11D0-8D11-00A0C91BC942}") = "lfs", "lfs\lfs.vcxproj", "{B23D82C8-9CE7-8B76-32A7-62ABA074EA47}"
	ProjectSection(ProjectDependencies) = postProject
		{F451AF14-9F46-4AF2-A930-30F7D1866B33} = {F451AF14-9F46-4AF2-A930-30F7D1866B33}
	EndProjectSection
EndProject
Project("{930C7802-8A8C-48F9-8165-68863BCCD9DD}") = "setup_lde", "setup_lde\setup_lde.wixproj", "{228D3862-E624-4290-AE08-6DDC7A6357DD}"
	ProjectSection(ProjectDependencies) = postProject
		{F451AF14-9F46-4AF2-A930-30F7D1866B33} = {F451AF14-9F46-4AF2-A930-30F7D1866B33}
		{5ED50B1F-37D0-433A-90B4-05FD98F55A67} = {5ED50B1F-37D0-433A-90B4-05FD98F55A67}
		{FDEAC782-012F-4855-B085-B278ADEEEE1A} = {FDEAC782-012F-4855-B085-B278ADEEEE1A}
	EndProjectSection
EndProject
Project("{8BC9CEB8-8B4A-11D0-8D11-00A0C91BC942}") = "cppunit.t", "testunit\cppunit.t.vcxproj", "{F7F461AB-24CE-7A47-09F2-979F67529887}"
	ProjectSection(ProjectDependencies) = postProject
		{DE6879CC-4E84-B2CB-6C1D-548E905EC67E} = {DE6879CC-4E84-B2CB-6C1D-548E905EC67E}
		{CCA88A6C-090F-7608-7F74-BB45E5EB8008} = {CCA88A6C-090F-7608-7F74-BB45E5EB8008}
	EndProjectSection
EndProject
Project("{8BC9CEB8-8B4A-11D0-8D11-00A0C91BC942}") = "trace", "testunit\trace.vcxproj", "{DE6879CC-4E84-B2CB-6C1D-548E905EC67E}"
	ProjectSection(ProjectDependencies) = postProject
		{F451AF14-9F46-4AF2-A930-30F7D1866B33} = {F451AF14-9F46-4AF2-A930-30F7D1866B33}
	EndProjectSection
EndProject
Project("{8BC9CEB8-8B4A-11D0-8D11-00A0C91BC942}") = "minidump", "testunit\minidump.vcxproj", "{C4558CDC-3BF6-4B98-53DB-A487C61FFA2A}"
EndProject
Global
	GlobalSection(SolutionConfigurationPlatforms) = preSolution
		debug|Mixed Platforms = debug|Mixed Platforms
		debug|win32 = debug|win32
		debug|x86 = debug|x86
		release|Mixed Platforms = release|Mixed Platforms
		release|win32 = release|win32
		release|x86 = release|x86
	EndGlobalSection
	GlobalSection(ProjectConfigurationPlatforms) = postSolution
		{F451AF14-9F46-4AF2-A930-30F7D1866B33}.debug|Mixed Platforms.ActiveCfg = Debug|Win32
		{F451AF14-9F46-4AF2-A930-30F7D1866B33}.debug|Mixed Platforms.Build.0 = Debug|Win32
		{F451AF14-9F46-4AF2-A930-30F7D1866B33}.debug|win32.ActiveCfg = Debug|Win32
		{F451AF14-9F46-4AF2-A930-30F7D1866B33}.debug|win32.Build.0 = Debug|Win32
		{F451AF14-9F46-4AF2-A930-30F7D1866B33}.debug|x86.ActiveCfg = Debug|Win32
		{F451AF14-9F46-4AF2-A930-30F7D1866B33}.release|Mixed Platforms.ActiveCfg = Release|Win32
		{F451AF14-9F46-4AF2-A930-30F7D1866B33}.release|Mixed Platforms.Build.0 = Release|Win32
		{F451AF14-9F46-4AF2-A930-30F7D1866B33}.release|win32.ActiveCfg = Release|Win32
		{F451AF14-9F46-4AF2-A930-30F7D1866B33}.release|win32.Build.0 = Release|Win32
		{F451AF14-9F46-4AF2-A930-30F7D1866B33}.release|x86.ActiveCfg = Release|Win32
		{5ED50B1F-37D0-433A-90B4-05FD98F55A67}.debug|Mixed Platforms.ActiveCfg = Debug|Win32
		{5ED50B1F-37D0-433A-90B4-05FD98F55A67}.debug|Mixed Platforms.Build.0 = Debug|Win32
		{5ED50B1F-37D0-433A-90B4-05FD98F55A67}.debug|win32.ActiveCfg = Debug|Win32
		{5ED50B1F-37D0-433A-90B4-05FD98F55A67}.debug|win32.Build.0 = Debug|Win32
		{5ED50B1F-37D0-433A-90B4-05FD98F55A67}.debug|x86.ActiveCfg = Debug|Win32
		{5ED50B1F-37D0-433A-90B4-05FD98F55A67}.release|Mixed Platforms.ActiveCfg = Release|Win32
		{5ED50B1F-37D0-433A-90B4-05FD98F55A67}.release|Mixed Platforms.Build.0 = Release|Win32
		{5ED50B1F-37D0-433A-90B4-05FD98F55A67}.release|win32.ActiveCfg = Release|Win32
		{5ED50B1F-37D0-433A-90B4-05FD98F55A67}.release|win32.Build.0 = Release|Win32
		{5ED50B1F-37D0-433A-90B4-05FD98F55A67}.release|x86.ActiveCfg = Release|Win32
		{FDEAC782-012F-4855-B085-B278ADEEEE1A}.debug|Mixed Platforms.ActiveCfg = Debug|Win32
		{FDEAC782-012F-4855-B085-B278ADEEEE1A}.debug|Mixed Platforms.Build.0 = Debug|Win32
		{FDEAC782-012F-4855-B085-B278ADEEEE1A}.debug|win32.ActiveCfg = Debug|Win32
		{FDEAC782-012F-4855-B085-B278ADEEEE1A}.debug|win32.Build.0 = Debug|Win32
		{FDEAC782-012F-4855-B085-B278ADEEEE1A}.debug|x86.ActiveCfg = Debug|Win32
		{FDEAC782-012F-4855-B085-B278ADEEEE1A}.release|Mixed Platforms.ActiveCfg = Release|Win32
		{FDEAC782-012F-4855-B085-B278ADEEEE1A}.release|Mixed Platforms.Build.0 = Release|Win32
		{FDEAC782-012F-4855-B085-B278ADEEEE1A}.release|win32.ActiveCfg = Release|Win32
		{FDEAC782-012F-4855-B085-B278ADEEEE1A}.release|win32.Build.0 = Release|Win32
		{FDEAC782-012F-4855-B085-B278ADEEEE1A}.release|x86.ActiveCfg = Release|Win32
		{CCA88A6C-090F-7608-7F74-BB45E5EB8008}.debug|Mixed Platforms.ActiveCfg = Debug|Win32
		{CCA88A6C-090F-7608-7F74-BB45E5EB8008}.debug|Mixed Platforms.Build.0 = Debug|Win32
		{CCA88A6C-090F-7608-7F74-BB45E5EB8008}.debug|win32.ActiveCfg = Debug|Win32
		{CCA88A6C-090F-7608-7F74-BB45E5EB8008}.debug|win32.Build.0 = Debug|Win32
		{CCA88A6C-090F-7608-7F74-BB45E5EB8008}.debug|x86.ActiveCfg = Debug|Win32
		{CCA88A6C-090F-7608-7F74-BB45E5EB8008}.release|Mixed Platforms.ActiveCfg = Release|Win32
		{CCA88A6C-090F-7608-7F74-BB45E5EB8008}.release|Mixed Platforms.Build.0 = Release|Win32
		{CCA88A6C-090F-7608-7F74-BB45E5EB8008}.release|win32.ActiveCfg = Release|Win32
		{CCA88A6C-090F-7608-7F74-BB45E5EB8008}.release|win32.Build.0 = Release|Win32
		{CCA88A6C-090F-7608-7F74-BB45E5EB8008}.release|x86.ActiveCfg = Release|Win32
		{B23D82C8-9CE7-8B76-32A7-62ABA074EA47}.debug|Mixed Platforms.ActiveCfg = Debug|Win32
		{B23D82C8-9CE7-8B76-32A7-62ABA074EA47}.debug|Mixed Platforms.Build.0 = Debug|Win32
		{B23D82C8-9CE7-8B76-32A7-62ABA074EA47}.debug|win32.ActiveCfg = Debug|Win32
		{B23D82C8-9CE7-8B76-32A7-62ABA074EA47}.debug|win32.Build.0 = Debug|Win32
		{B23D82C8-9CE7-8B76-32A7-62ABA074EA47}.debug|x86.ActiveCfg = Debug|Win32
		{B23D82C8-9CE7-8B76-32A7-62ABA074EA47}.release|Mixed Platforms.ActiveCfg = Release|Win32
		{B23D82C8-9CE7-8B76-32A7-62ABA074EA47}.release|Mixed Platforms.Build.0 = Release|Win32
		{B23D82C8-9CE7-8B76-32A7-62ABA074EA47}.release|win32.ActiveCfg = Release|Win32
		{B23D82C8-9CE7-8B76-32A7-62ABA074EA47}.release|win32.Build.0 = Release|Win32
		{B23D82C8-9CE7-8B76-32A7-62ABA074EA47}.release|x86.ActiveCfg = Release|Win32
		{228D3862-E624-4290-AE08-6DDC7A6357DD}.debug|Mixed Platforms.ActiveCfg = Debug|x86
		{228D3862-E624-4290-AE08-6DDC7A6357DD}.debug|Mixed Platforms.Build.0 = Debug|x86
		{228D3862-E624-4290-AE08-6DDC7A6357DD}.debug|win32.ActiveCfg = Debug|x86
		{228D3862-E624-4290-AE08-6DDC7A6357DD}.debug|x86.ActiveCfg = Debug|x86
		{228D3862-E624-4290-AE08-6DDC7A6357DD}.debug|x86.Build.0 = Debug|x86
		{228D3862-E624-4290-AE08-6DDC7A6357DD}.release|Mixed Platforms.ActiveCfg = Release|x86
		{228D3862-E624-4290-AE08-6DDC7A6357DD}.release|Mixed Platforms.Build.0 = Release|x86
		{228D3862-E624-4290-AE08-6DDC7A6357DD}.release|win32.ActiveCfg = Release|x86
		{228D3862-E624-4290-AE08-6DDC7A6357DD}.release|x86.ActiveCfg = Release|x86
		{228D3862-E624-4290-AE08-6DDC7A6357DD}.release|x86.Build.0 = Release|x86
		{F7F461AB-24CE-7A47-09F2-979F67529887}.debug|Mixed Platforms.ActiveCfg = Release|Win32
		{F7F461AB-24CE-7A47-09F2-979F67529887}.debug|Mixed Platforms.Build.0 = Release|Win32
		{F7F461AB-24CE-7A47-09F2-979F67529887}.debug|win32.ActiveCfg = Debug|Win32
		{F7F461AB-24CE-7A47-09F2-979F67529887}.debug|win32.Build.0 = Debug|Win32
		{F7F461AB-24CE-7A47-09F2-979F67529887}.debug|x86.ActiveCfg = Debug|Win32
		{F7F461AB-24CE-7A47-09F2-979F67529887}.release|Mixed Platforms.ActiveCfg = Debug|Win32
		{F7F461AB-24CE-7A47-09F2-979F67529887}.release|Mixed Platforms.Build.0 = Debug|Win32
		{F7F461AB-24CE-7A47-09F2-979F67529887}.release|win32.ActiveCfg = Release|Win32
		{F7F461AB-24CE-7A47-09F2-979F67529887}.release|win32.Build.0 = Release|Win32
		{F7F461AB-24CE-7A47-09F2-979F67529887}.release|x86.ActiveCfg = Release|Win32
		{DE6879CC-4E84-B2CB-6C1D-548E905EC67E}.debug|Mixed Platforms.ActiveCfg = Debug|Win32
		{DE6879CC-4E84-B2CB-6C1D-548E905EC67E}.debug|Mixed Platforms.Build.0 = Debug|Win32
		{DE6879CC-4E84-B2CB-6C1D-548E905EC67E}.debug|win32.ActiveCfg = Debug|Win32
		{DE6879CC-4E84-B2CB-6C1D-548E905EC67E}.debug|win32.Build.0 = Debug|Win32
		{DE6879CC-4E84-B2CB-6C1D-548E905EC67E}.debug|x86.ActiveCfg = Debug|Win32
		{DE6879CC-4E84-B2CB-6C1D-548E905EC67E}.release|Mixed Platforms.ActiveCfg = Release|Win32
		{DE6879CC-4E84-B2CB-6C1D-548E905EC67E}.release|Mixed Platforms.Build.0 = Release|Win32
		{DE6879CC-4E84-B2CB-6C1D-548E905EC67E}.release|win32.ActiveCfg = Release|Win32
		{DE6879CC-4E84-B2CB-6C1D-548E905EC67E}.release|win32.Build.0 = Release|Win32
		{DE6879CC-4E84-B2CB-6C1D-548E905EC67E}.release|x86.ActiveCfg = Release|Win32
		{C4558CDC-3BF6-4B98-53DB-A487C61FFA2A}.debug|Mixed Platforms.ActiveCfg = Debug|Win32
		{C4558CDC-3BF6-4B98-53DB-A487C61FFA2A}.debug|Mixed Platforms.Build.0 = Debug|Win32
		{C4558CDC-3BF6-4B98-53DB-A487C61FFA2A}.debug|win32.ActiveCfg = Debug|Win32
		{C4558CDC-3BF6-4B98-53DB-A487C61FFA2A}.debug|win32.Build.0 = Debug|Win32
		{C4558CDC-3BF6-4B98-53DB-A487C61FFA2A}.debug|x86.ActiveCfg = Debug|Win32
		{C4558CDC-3BF6-4B98-53DB-A487C61FFA2A}.release|Mixed Platforms.ActiveCfg = Release|Win32
		{C4558CDC-3BF6-4B98-53DB-A487C61FFA2A}.release|Mixed Platforms.Build.0 = Release|Win32
		{C4558CDC-3BF6-4B98-53DB-A487C61FFA2A}.release|win32.ActiveCfg = Release|Win32
		{C4558CDC-3BF6-4B98-53DB-A487C61FFA2A}.release|win32.Build.0 = Release|Win32
		{C4558CDC-3BF6-4B98-53DB-A487C61FFA2A}.release|x86.ActiveCfg = Release|Win32
	EndGlobalSection
	GlobalSection(SolutionProperties) = preSolution
		HideSolutionNode = FALSE
	EndGlobalSection
EndGlobal
