
Microsoft Visual Studio Solution File, Format Version 11.00
# Visual C++ Express 2010
Project("{8BC9CEB8-8B4A-11D0-8D11-00A0C91BC942}") = "lua51lib", "lua\lua51lib.vcxproj", "{F451AF14-9F46-4AF2-A930-30F7D1866B33}"
EndProject
Project("{8BC9CEB8-8B4A-11D0-8D11-00A0C91BC942}") = "lua51proxy", "lua\lua51proxy.vcxproj", "{5ED50B1F-37D0-433A-90B4-05FD98F55A67}"
EndProject
Project("{8BC9CEB8-8B4A-11D0-8D11-00A0C91BC942}") = "lua51int", "lua\lua51int.vcxproj", "{FDEAC782-012F-4855-B085-B278ADEEEE1A}"
EndProject
Project("{8BC9CEB8-8B4A-11D0-8D11-00A0C91BC942}") = "cppunit", "yunit\cppunit.vcxproj", "{DA5A13FD-9CFA-745D-9F14-B9039E79DF90}"
	ProjectSection(ProjectDependencies) = postProject
		{F451AF14-9F46-4AF2-A930-30F7D1866B33} = {F451AF14-9F46-4AF2-A930-30F7D1866B33}
		{FDEAC782-012F-4855-B085-B278ADEEEE1A} = {FDEAC782-012F-4855-B085-B278ADEEEE1A}
		{04B78714-687E-ADCD-9755-C3C2010F09D0} = {04B78714-687E-ADCD-9755-C3C2010F09D0}
	EndProjectSection
EndProject
Project("{8BC9CEB8-8B4A-11D0-8D11-00A0C91BC942}") = "lfs", "lfs\lfs.vcxproj", "{04B78714-687E-ADCD-9755-C3C2010F09D0}"
	ProjectSection(ProjectDependencies) = postProject
		{F451AF14-9F46-4AF2-A930-30F7D1866B33} = {F451AF14-9F46-4AF2-A930-30F7D1866B33}
	EndProjectSection
EndProject
Project("{930C7802-8A8C-48F9-8165-68863BCCD9DD}") = "setup_yunit", "setup_yunit\setup_yunit.wixproj", "{228D3862-E624-4290-AE08-6DDC7A6357DD}"
	ProjectSection(ProjectDependencies) = postProject
		{F451AF14-9F46-4AF2-A930-30F7D1866B33} = {F451AF14-9F46-4AF2-A930-30F7D1866B33}
		{5ED50B1F-37D0-433A-90B4-05FD98F55A67} = {5ED50B1F-37D0-433A-90B4-05FD98F55A67}
		{FDEAC782-012F-4855-B085-B278ADEEEE1A} = {FDEAC782-012F-4855-B085-B278ADEEEE1A}
	EndProjectSection
EndProject
Project("{8BC9CEB8-8B4A-11D0-8D11-00A0C91BC942}") = "cppunit.t", "yunit\cppunit.t.vcxproj", "{C6735890-2AA5-10B7-1BEB-EA3A609A1C54}"
	ProjectSection(ProjectDependencies) = postProject
		{F451AF14-9F46-4AF2-A930-30F7D1866B33} = {F451AF14-9F46-4AF2-A930-30F7D1866B33}
		{43AD6C30-8E22-396C-F946-F956DFD5C310} = {43AD6C30-8E22-396C-F946-F956DFD5C310}
		{FDEAC782-012F-4855-B085-B278ADEEEE1A} = {FDEAC782-012F-4855-B085-B278ADEEEE1A}
		{DA5A13FD-9CFA-745D-9F14-B9039E79DF90} = {DA5A13FD-9CFA-745D-9F14-B9039E79DF90}
		{2BFFC780-00CD-B3DF-E29F-58E55760258F} = {2BFFC780-00CD-B3DF-E29F-58E55760258F}
	EndProjectSection
EndProject
Project("{8BC9CEB8-8B4A-11D0-8D11-00A0C91BC942}") = "trace", "yunit\trace.vcxproj", "{2BFFC780-00CD-B3DF-E29F-58E55760258F}"
	ProjectSection(ProjectDependencies) = postProject
		{F451AF14-9F46-4AF2-A930-30F7D1866B33} = {F451AF14-9F46-4AF2-A930-30F7D1866B33}
	EndProjectSection
EndProject
Project("{8BC9CEB8-8B4A-11D0-8D11-00A0C91BC942}") = "minidump", "yunit\minidump.vcxproj", "{43AD6C30-8E22-396C-F946-F956DFD5C310}"
EndProject
Global
	GlobalSection(SolutionConfigurationPlatforms) = preSolution
		debug|Mixed Platforms = debug|Mixed Platforms
		debug|win32 = debug|win32
		debug|x86 = debug|x86
		release|Mixed Platforms = release|Mixed Platforms
		release|win32 = release|win32
		release|x86 = release|x86
	EndGlobalSection
	GlobalSection(ProjectConfigurationPlatforms) = postSolution
		{F451AF14-9F46-4AF2-A930-30F7D1866B33}.debug|Mixed Platforms.ActiveCfg = Debug|Win32
		{F451AF14-9F46-4AF2-A930-30F7D1866B33}.debug|Mixed Platforms.Build.0 = Debug|Win32
		{F451AF14-9F46-4AF2-A930-30F7D1866B33}.debug|win32.ActiveCfg = Debug|Win32
		{F451AF14-9F46-4AF2-A930-30F7D1866B33}.debug|win32.Build.0 = Debug|Win32
		{F451AF14-9F46-4AF2-A930-30F7D1866B33}.debug|x86.ActiveCfg = Debug|Win32
		{F451AF14-9F46-4AF2-A930-30F7D1866B33}.release|Mixed Platforms.ActiveCfg = Release|Win32
		{F451AF14-9F46-4AF2-A930-30F7D1866B33}.release|Mixed Platforms.Build.0 = Release|Win32
		{F451AF14-9F46-4AF2-A930-30F7D1866B33}.release|win32.ActiveCfg = Release|Win32
		{F451AF14-9F46-4AF2-A930-30F7D1866B33}.release|win32.Build.0 = Release|Win32
		{F451AF14-9F46-4AF2-A930-30F7D1866B33}.release|x86.ActiveCfg = Release|Win32
		{5ED50B1F-37D0-433A-90B4-05FD98F55A67}.debug|Mixed Platforms.ActiveCfg = Debug|Win32
		{5ED50B1F-37D0-433A-90B4-05FD98F55A67}.debug|Mixed Platforms.Build.0 = Debug|Win32
		{5ED50B1F-37D0-433A-90B4-05FD98F55A67}.debug|win32.ActiveCfg = Debug|Win32
		{5ED50B1F-37D0-433A-90B4-05FD98F55A67}.debug|win32.Build.0 = Debug|Win32
		{5ED50B1F-37D0-433A-90B4-05FD98F55A67}.debug|x86.ActiveCfg = Debug|Win32
		{5ED50B1F-37D0-433A-90B4-05FD98F55A67}.release|Mixed Platforms.ActiveCfg = Release|Win32
		{5ED50B1F-37D0-433A-90B4-05FD98F55A67}.release|Mixed Platforms.Build.0 = Release|Win32
		{5ED50B1F-37D0-433A-90B4-05FD98F55A67}.release|win32.ActiveCfg = Release|Win32
		{5ED50B1F-37D0-433A-90B4-05FD98F55A67}.release|win32.Build.0 = Release|Win32
		{5ED50B1F-37D0-433A-90B4-05FD98F55A67}.release|x86.ActiveCfg = Release|Win32
		{FDEAC782-012F-4855-B085-B278ADEEEE1A}.debug|Mixed Platforms.ActiveCfg = Debug|Win32
		{FDEAC782-012F-4855-B085-B278ADEEEE1A}.debug|Mixed Platforms.Build.0 = Debug|Win32
		{FDEAC782-012F-4855-B085-B278ADEEEE1A}.debug|win32.ActiveCfg = Debug|Win32
		{FDEAC782-012F-4855-B085-B278ADEEEE1A}.debug|win32.Build.0 = Debug|Win32
		{FDEAC782-012F-4855-B085-B278ADEEEE1A}.debug|x86.ActiveCfg = Debug|Win32
		{FDEAC782-012F-4855-B085-B278ADEEEE1A}.release|Mixed Platforms.ActiveCfg = Release|Win32
		{FDEAC782-012F-4855-B085-B278ADEEEE1A}.release|Mixed Platforms.Build.0 = Release|Win32
		{FDEAC782-012F-4855-B085-B278ADEEEE1A}.release|win32.ActiveCfg = Release|Win32
		{FDEAC782-012F-4855-B085-B278ADEEEE1A}.release|win32.Build.0 = Release|Win32
		{FDEAC782-012F-4855-B085-B278ADEEEE1A}.release|x86.ActiveCfg = Release|Win32
		{DA5A13FD-9CFA-745D-9F14-B9039E79DF90}.debug|Mixed Platforms.ActiveCfg = Debug|Win32
		{DA5A13FD-9CFA-745D-9F14-B9039E79DF90}.debug|Mixed Platforms.Build.0 = Debug|Win32
		{DA5A13FD-9CFA-745D-9F14-B9039E79DF90}.debug|win32.ActiveCfg = Debug|Win32
		{DA5A13FD-9CFA-745D-9F14-B9039E79DF90}.debug|win32.Build.0 = Debug|Win32
		{DA5A13FD-9CFA-745D-9F14-B9039E79DF90}.debug|x86.ActiveCfg = Debug|Win32
		{DA5A13FD-9CFA-745D-9F14-B9039E79DF90}.release|Mixed Platforms.ActiveCfg = Release|Win32
		{DA5A13FD-9CFA-745D-9F14-B9039E79DF90}.release|Mixed Platforms.Build.0 = Release|Win32
		{DA5A13FD-9CFA-745D-9F14-B9039E79DF90}.release|win32.ActiveCfg = Release|Win32
		{DA5A13FD-9CFA-745D-9F14-B9039E79DF90}.release|win32.Build.0 = Release|Win32
		{DA5A13FD-9CFA-745D-9F14-B9039E79DF90}.release|x86.ActiveCfg = Release|Win32
		{04B78714-687E-ADCD-9755-C3C2010F09D0}.debug|Mixed Platforms.ActiveCfg = Debug|Win32
		{04B78714-687E-ADCD-9755-C3C2010F09D0}.debug|Mixed Platforms.Build.0 = Debug|Win32
		{04B78714-687E-ADCD-9755-C3C2010F09D0}.debug|win32.ActiveCfg = Debug|Win32
		{04B78714-687E-ADCD-9755-C3C2010F09D0}.debug|win32.Build.0 = Debug|Win32
		{04B78714-687E-ADCD-9755-C3C2010F09D0}.debug|x86.ActiveCfg = Debug|Win32
		{04B78714-687E-ADCD-9755-C3C2010F09D0}.release|Mixed Platforms.ActiveCfg = Release|Win32
		{04B78714-687E-ADCD-9755-C3C2010F09D0}.release|Mixed Platforms.Build.0 = Release|Win32
		{04B78714-687E-ADCD-9755-C3C2010F09D0}.release|win32.ActiveCfg = Release|Win32
		{04B78714-687E-ADCD-9755-C3C2010F09D0}.release|win32.Build.0 = Release|Win32
		{04B78714-687E-ADCD-9755-C3C2010F09D0}.release|x86.ActiveCfg = Release|Win32
		{228D3862-E624-4290-AE08-6DDC7A6357DD}.debug|Mixed Platforms.ActiveCfg = Debug|x86
		{228D3862-E624-4290-AE08-6DDC7A6357DD}.debug|Mixed Platforms.Build.0 = Debug|x86
		{228D3862-E624-4290-AE08-6DDC7A6357DD}.debug|win32.ActiveCfg = Debug|x86
		{228D3862-E624-4290-AE08-6DDC7A6357DD}.debug|x86.ActiveCfg = Debug|x86
		{228D3862-E624-4290-AE08-6DDC7A6357DD}.debug|x86.Build.0 = Debug|x86
		{228D3862-E624-4290-AE08-6DDC7A6357DD}.release|Mixed Platforms.ActiveCfg = Release|x86
		{228D3862-E624-4290-AE08-6DDC7A6357DD}.release|Mixed Platforms.Build.0 = Release|x86
		{228D3862-E624-4290-AE08-6DDC7A6357DD}.release|win32.ActiveCfg = Release|x86
		{228D3862-E624-4290-AE08-6DDC7A6357DD}.release|x86.ActiveCfg = Release|x86
		{228D3862-E624-4290-AE08-6DDC7A6357DD}.release|x86.Build.0 = Release|x86
		{C6735890-2AA5-10B7-1BEB-EA3A609A1C54}.debug|Mixed Platforms.ActiveCfg = Release|Win32
		{C6735890-2AA5-10B7-1BEB-EA3A609A1C54}.debug|Mixed Platforms.Build.0 = Release|Win32
		{C6735890-2AA5-10B7-1BEB-EA3A609A1C54}.debug|win32.ActiveCfg = Debug|Win32
		{C6735890-2AA5-10B7-1BEB-EA3A609A1C54}.debug|win32.Build.0 = Debug|Win32
		{C6735890-2AA5-10B7-1BEB-EA3A609A1C54}.debug|x86.ActiveCfg = Debug|Win32
		{C6735890-2AA5-10B7-1BEB-EA3A609A1C54}.release|Mixed Platforms.ActiveCfg = Debug|Win32
		{C6735890-2AA5-10B7-1BEB-EA3A609A1C54}.release|Mixed Platforms.Build.0 = Debug|Win32
		{C6735890-2AA5-10B7-1BEB-EA3A609A1C54}.release|win32.ActiveCfg = Release|Win32
		{C6735890-2AA5-10B7-1BEB-EA3A609A1C54}.release|win32.Build.0 = Release|Win32
		{C6735890-2AA5-10B7-1BEB-EA3A609A1C54}.release|x86.ActiveCfg = Release|Win32
		{2BFFC780-00CD-B3DF-E29F-58E55760258F}.debug|Mixed Platforms.ActiveCfg = Debug|Win32
		{2BFFC780-00CD-B3DF-E29F-58E55760258F}.debug|Mixed Platforms.Build.0 = Debug|Win32
		{2BFFC780-00CD-B3DF-E29F-58E55760258F}.debug|win32.ActiveCfg = Debug|Win32
		{2BFFC780-00CD-B3DF-E29F-58E55760258F}.debug|win32.Build.0 = Debug|Win32
		{2BFFC780-00CD-B3DF-E29F-58E55760258F}.debug|x86.ActiveCfg = Debug|Win32
		{2BFFC780-00CD-B3DF-E29F-58E55760258F}.release|Mixed Platforms.ActiveCfg = Release|Win32
		{2BFFC780-00CD-B3DF-E29F-58E55760258F}.release|Mixed Platforms.Build.0 = Release|Win32
		{2BFFC780-00CD-B3DF-E29F-58E55760258F}.release|win32.ActiveCfg = Release|Win32
		{2BFFC780-00CD-B3DF-E29F-58E55760258F}.release|win32.Build.0 = Release|Win32
		{2BFFC780-00CD-B3DF-E29F-58E55760258F}.release|x86.ActiveCfg = Release|Win32
		{43AD6C30-8E22-396C-F946-F956DFD5C310}.debug|Mixed Platforms.ActiveCfg = Debug|Win32
		{43AD6C30-8E22-396C-F946-F956DFD5C310}.debug|Mixed Platforms.Build.0 = Debug|Win32
		{43AD6C30-8E22-396C-F946-F956DFD5C310}.debug|win32.ActiveCfg = Debug|Win32
		{43AD6C30-8E22-396C-F946-F956DFD5C310}.debug|win32.Build.0 = Debug|Win32
		{43AD6C30-8E22-396C-F946-F956DFD5C310}.debug|x86.ActiveCfg = Debug|Win32
		{43AD6C30-8E22-396C-F946-F956DFD5C310}.release|Mixed Platforms.ActiveCfg = Release|Win32
		{43AD6C30-8E22-396C-F946-F956DFD5C310}.release|Mixed Platforms.Build.0 = Release|Win32
		{43AD6C30-8E22-396C-F946-F956DFD5C310}.release|win32.ActiveCfg = Release|Win32
		{43AD6C30-8E22-396C-F946-F956DFD5C310}.release|win32.Build.0 = Release|Win32
		{43AD6C30-8E22-396C-F946-F956DFD5C310}.release|x86.ActiveCfg = Release|Win32
	EndGlobalSection
	GlobalSection(SolutionProperties) = preSolution
		HideSolutionNode = FALSE
	EndGlobalSection
EndGlobal
